{
    "version": "0.5",
    "requires": [
        "mediapipe/0.10.26",
        "abseil/20240116.1#2268bfdb1f2c8bfc0bda4fe46c24efa4",
        "eigen/3.4.0#e7256a460e38f651ab0aa5246f94cf6a",
        "protobuf/3.21.12#44ee56c0a6eea0c19aeeaca680370b88",
        "zlib/1.3.1#b8bc2603263cf7eccbd6e17e66b0ed76",
        "glog/0.7.1#2b49318be3a5c25e3c879fbcaf2db62d",
        "gflags/2.2.2#5e6c53835b1b80975a315bca8fbc9868",
        "flatbuffers/23.5.26#0290575326fe9b2c39a0236ea81d8c30",
        "tensorflow-lite/2.15.0#56b36180b5dd27680a5439613e8703fb",
        "farmhash/cci.20190513#60980ffb85c63bbba6514c209f2ee1b8",
        "fft/cci.20061228#30ae3da3bd671aa271a4816b8e92dc33",
        "gemmlowp/cci.20210928#28483fa833aa47549961bb9c5ab84bfa",
        "ruy/cci.20231129#f23bfbab527048bfffba001f7a81236d",
        "cpuinfo/cci.20231129#15e94782b128bee8bfd047f6102a4d21",
        "xnnpack/cci.20231026#c1deb0daf1cf7b0eeffa003da7944c30",
        "fp16/cci.20210320#34dbac7f6fa3dee68830028b53de6c84",
        "psimd/cci.20200517#83200a06ebb1ff39c5adff0d712c05fa",
        "pthreadpool/cci.20231129#7bea77db5af9a570f7510a92cada3065",
        "fxdiv/cci.20200417#0b3afe4c9d1b8d05f5f017984c8cb15a",
        "opencv/4.11.0#71aeafa9c85259d048279092e4d06666",
        "libjpeg/9e#ebca87d1efc798db99cc9bbe2297679a"
    ],
    "build_requires": [
        "cmake/3.31.9#f9b9bb4bdfa37937619a33e9218703a6",
        "protobuf/3.21.12#44ee56c0a6eea0c19aeeaca680370b88",
        "zlib/1.3.1#b8bc2603263cf7eccbd6e17e66b0ed76",
        "flatbuffers/23.5.26#0290575326fe9b2c39a0236ea81d8c30"
    ],
    "python_requires": [],
    "config_requires": []
}